
Microsoft Visual Studio Solution File, Format Version 12.00
# Visual Studio 15
Project("{FAE04EC0-301F-11D3-BF4B-00C04F79EFBC}") = "Q", "Assembly-CSharp.csproj", "{28F23205-237E-4EC6-F5E7-340C941A36D1}"
EndProject
Project("{FAE04EC0-301F-11D3-BF4B-00C04F79EFBC}") = "Q", "Assembly-CSharp-firstpass.csproj", "{C1CA2A30-FAB8-9A0C-D9BC-47C9C8CBDBDA}"
EndProject
Project("{FAE04EC0-301F-11D3-BF4B-00C04F79EFBC}") = "Q", "Assembly-CSharp-Editor-firstpass.csproj", "{7952AF9A-CC8F-195B-22EB-B392F37E54B7}"
EndProject
Global
	GlobalSection(SolutionConfigurationPlatforms) = preSolution
		Debug|Any CPU = Debug|Any CPU
		Release|Any CPU = Release|Any CPU
	EndGlobalSection
	GlobalSection(ProjectConfigurationPlatforms) = postSolution
		{28F23205-237E-4EC6-F5E7-340C941A36D1}.Debug|Any CPU.ActiveCfg = Debug|Any CPU
		{28F23205-237E-4EC6-F5E7-340C941A36D1}.Debug|Any CPU.Build.0 = Debug|Any CPU
		{28F23205-237E-4EC6-F5E7-340C941A36D1}.Release|Any CPU.ActiveCfg = Release|Any CPU
		{28F23205-237E-4EC6-F5E7-340C941A36D1}.Release|Any CPU.Build.0 = Release|Any CPU
		{C1CA2A30-FAB8-9A0C-D9BC-47C9C8CBDBDA}.Debug|Any CPU.ActiveCfg = Debug|Any CPU
		{C1CA2A30-FAB8-9A0C-D9BC-47C9C8CBDBDA}.Debug|Any CPU.Build.0 = Debug|Any CPU
		{C1CA2A30-FAB8-9A0C-D9BC-47C9C8CBDBDA}.Release|Any CPU.ActiveCfg = Release|Any CPU
		{C1CA2A30-FAB8-9A0C-D9BC-47C9C8CBDBDA}.Release|Any CPU.Build.0 = Release|Any CPU
		{7952AF9A-CC8F-195B-22EB-B392F37E54B7}.Debug|Any CPU.ActiveCfg = Debug|Any CPU
		{7952AF9A-CC8F-195B-22EB-B392F37E54B7}.Debug|Any CPU.Build.0 = Debug|Any CPU
		{7952AF9A-CC8F-195B-22EB-B392F37E54B7}.Release|Any CPU.ActiveCfg = Release|Any CPU
		{7952AF9A-CC8F-195B-22EB-B392F37E54B7}.Release|Any CPU.Build.0 = Release|Any CPU
	EndGlobalSection
	GlobalSection(SolutionProperties) = preSolution
		HideSolutionNode = FALSE
	EndGlobalSection
EndGlobal
